// !$*UTF8*$!
{
	archiveVersion = 1;
	classes = {
	};
	objectVersion = 46;
	objects = {

/* Begin PBXBuildFile section */
		D2EACAF3482BCD539FAF781E /* libPods.a in Frameworks */ = {isa = PBXBuildFile; fileRef = 19DEAD73694C1CB52AF846DF /* libPods.a */; };
		EA8D7C9C1D323A8E007E49C7 /* UserViewController.m in Sources */ = {isa = PBXBuildFile; fileRef = EA8D7C9B1D323A8E007E49C7 /* UserViewController.m */; };
		EAAC1C5F1D2F58D000ECC00B /* main.m in Sources */ = {isa = PBXBuildFile; fileRef = EAAC1C5E1D2F58D000ECC00B /* main.m */; };
		EAAC1C621D2F58D000ECC00B /* AppDelegate.m in Sources */ = {isa = PBXBuildFile; fileRef = EAAC1C611D2F58D000ECC00B /* AppDelegate.m */; };
		EAAC1C651D2F58D000ECC00B /* ViewController.m in Sources */ = {isa = PBXBuildFile; fileRef = EAAC1C641D2F58D000ECC00B /* ViewController.m */; };
		EAAC1C6A1D2F58D000ECC00B /* Assets.xcassets in Resources */ = {isa = PBXBuildFile; fileRef = EAAC1C691D2F58D000ECC00B /* Assets.xcassets */; };
		EAAC1C6D1D2F58D000ECC00B /* LaunchScreen.storyboard in Resources */ = {isa = PBXBuildFile; fileRef = EAAC1C6B1D2F58D000ECC00B /* LaunchScreen.storyboard */; };
		EAAC1C781D2F58D000ECC00B /* MMDrawerControllerDemoTests.m in Sources */ = {isa = PBXBuildFile; fileRef = EAAC1C771D2F58D000ECC00B /* MMDrawerControllerDemoTests.m */; };
		EAAC1C831D2F58D000ECC00B /* MMDrawerControllerDemoUITests.m in Sources */ = {isa = PBXBuildFile; fileRef = EAAC1C821D2F58D000ECC00B /* MMDrawerControllerDemoUITests.m */; };
/* End PBXBuildFile section */

/* Begin PBXContainerItemProxy section */
		EAAC1C741D2F58D000ECC00B /* PBXContainerItemProxy */ = {
			isa = PBXContainerItemProxy;
			containerPortal = EAAC1C521D2F58D000ECC00B /* Project object */;
			proxyType = 1;
			remoteGlobalIDString = EAAC1C591D2F58D000ECC00B;
			remoteInfo = MMDrawerControllerDemo;
		};
		EAAC1C7F1D2F58D000ECC00B /* PBXContainerItemProxy */ = {
			isa = PBXContainerItemProxy;
			containerPortal = EAAC1C521D2F58D000ECC00B /* Project object */;
			proxyType = 1;
			remoteGlobalIDString = EAAC1C591D2F58D000ECC00B;
			remoteInfo = MMDrawerControllerDemo;
		};
/* End PBXContainerItemProxy section */

/* Begin PBXFileReference section */
		19DEAD73694C1CB52AF846DF /* libPods.a */ = {isa = PBXFileReference; explicitFileType = archive.ar; includeInIndex = 0; path = libPods.a; sourceTree = BUILT_PRODUCTS_DIR; };
		6BDCAAEF3A9294F838938BD9 /* Pods.release.xcconfig */ = {isa = PBXFileReference; includeInIndex = 1; lastKnownFileType = text.xcconfig; name = Pods.release.xcconfig; path = "Pods/Target Support Files/Pods/Pods.release.xcconfig"; sourceTree = "<group>"; };
		EA8D7C9A1D323A8E007E49C7 /* UserViewController.h */ = {isa = PBXFileReference; fileEncoding = 4; lastKnownFileType = sourcecode.c.h; path = UserViewController.h; sourceTree = "<group>"; };
		EA8D7C9B1D323A8E007E49C7 /* UserViewController.m */ = {isa = PBXFileReference; fileEncoding = 4; lastKnownFileType = sourcecode.c.objc; path = UserViewController.m; sourceTree = "<group>"; };
		EAAC1C5A1D2F58D000ECC00B /* MMDrawerControllerDemo.app */ = {isa = PBXFileReference; explicitFileType = wrapper.application; includeInIndex = 0; path = MMDrawerControllerDemo.app; sourceTree = BUILT_PRODUCTS_DIR; };
		EAAC1C5E1D2F58D000ECC00B /* main.m */ = {isa = PBXFileReference; lastKnownFileType = sourcecode.c.objc; path = main.m; sourceTree = "<group>"; };
		EAAC1C601D2F58D000ECC00B /* AppDelegate.h */ = {isa = PBXFileReference; lastKnownFileType = sourcecode.c.h; path = AppDelegate.h; sourceTree = "<group>"; };
		EAAC1C611D2F58D000ECC00B /* AppDelegate.m */ = {isa = PBXFileReference; lastKnownFileType = sourcecode.c.objc; path = AppDelegate.m; sourceTree = "<group>"; };
		EAAC1C631D2F58D000ECC00B /* ViewController.h */ = {isa = PBXFileReference; lastKnownFileType = sourcecode.c.h; path = ViewController.h; sourceTree = "<group>"; };
		EAAC1C641D2F58D000ECC00B /* ViewController.m */ = {isa = PBXFileReference; lastKnownFileType = sourcecode.c.objc; path = ViewController.m; sourceTree = "<group>"; };
		EAAC1C691D2F58D000ECC00B /* Assets.xcassets */ = {isa = PBXFileReference; lastKnownFileType = folder.assetcatalog; path = Assets.xcassets; sourceTree = "<group>"; };
		EAAC1C6C1D2F58D000ECC00B /* Base */ = {isa = PBXFileReference; lastKnownFileType = file.storyboard; name = Base; path = Base.lproj/LaunchScreen.storyboard; sourceTree = "<group>"; };
		EAAC1C6E1D2F58D000ECC00B /* Info.plist */ = {isa = PBXFileReference; lastKnownFileType = text.plist.xml; path = Info.plist; sourceTree = "<group>"; };
		EAAC1C731D2F58D000ECC00B /* MMDrawerControllerDemoTests.xctest */ = {isa = PBXFileReference; explicitFileType = wrapper.cfbundle; includeInIndex = 0; path = MMDrawerControllerDemoTests.xctest; sourceTree = BUILT_PRODUCTS_DIR; };
		EAAC1C771D2F58D000ECC00B /* MMDrawerControllerDemoTests.m */ = {isa = PBXFileReference; lastKnownFileType = sourcecode.c.objc; path = MMDrawerControllerDemoTests.m; sourceTree = "<group>"; };
		EAAC1C791D2F58D000ECC00B /* Info.plist */ = {isa = PBXFileReference; lastKnownFileType = text.plist.xml; path = Info.plist; sourceTree = "<group>"; };
		EAAC1C7E1D2F58D000ECC00B /* MMDrawerControllerDemoUITests.xctest */ = {isa = PBXFileReference; explicitFileType = wrapper.cfbundle; includeInIndex = 0; path = MMDrawerControllerDemoUITests.xctest; sourceTree = BUILT_PRODUCTS_DIR; };
		EAAC1C821D2F58D000ECC00B /* MMDrawerControllerDemoUITests.m */ = {isa = PBXFileReference; lastKnownFileType = sourcecode.c.objc; path = MMDrawerControllerDemoUITests.m; sourceTree = "<group>"; };
		EAAC1C841D2F58D000ECC00B /* Info.plist */ = {isa = PBXFileReference; lastKnownFileType = text.plist.xml; path = Info.plist; sourceTree = "<group>"; };
		FAD941399D591644F3D7860D /* Pods.debug.xcconfig */ = {isa = PBXFileReference; includeInIndex = 1; lastKnownFileType = text.xcconfig; name = Pods.debug.xcconfig; path = "Pods/Target Support Files/Pods/Pods.debug.xcconfig"; sourceTree = "<group>"; };
/* End PBXFileReference section */

/* Begin PBXFrameworksBuildPhase section */
		EAAC1C571D2F58D000ECC00B /* Frameworks */ = {
			isa = PBXFrameworksBuildPhase;
			buildActionMask = 2147483647;
			files = (
				D2EACAF3482BCD539FAF781E /* libPods.a in Frameworks */,
			);
			runOnlyForDeploymentPostprocessing = 0;
		};
		EAAC1C701D2F58D000ECC00B /* Frameworks */ = {
			isa = PBXFrameworksBuildPhase;
			buildActionMask = 2147483647;
			files = (
			);
			runOnlyForDeploymentPostprocessing = 0;
		};
		EAAC1C7B1D2F58D000ECC00B /* Frameworks */ = {
			isa = PBXFrameworksBuildPhase;
			buildActionMask = 2147483647;
			files = (
			);
			runOnlyForDeploymentPostprocessing = 0;
		};
/* End PBXFrameworksBuildPhase section */

/* Begin PBXGroup section */
		03C0343085A418EA667D595B /* Frameworks */ = {
			isa = PBXGroup;
			children = (
				19DEAD73694C1CB52AF846DF /* libPods.a */,
			);
			name = Frameworks;
			sourceTree = "<group>";
		};
		9E271F80C57B8B1D7CD3286B /* Pods */ = {
			isa = PBXGroup;
			children = (
				FAD941399D591644F3D7860D /* Pods.debug.xcconfig */,
				6BDCAAEF3A9294F838938BD9 /* Pods.release.xcconfig */,
			);
			name = Pods;
			sourceTree = "<group>";
		};
		EAAC1C511D2F58D000ECC00B = {
			isa = PBXGroup;
			children = (
				EAAC1C5C1D2F58D000ECC00B /* MMDrawerControllerDemo */,
				EAAC1C761D2F58D000ECC00B /* MMDrawerControllerDemoTests */,
				EAAC1C811D2F58D000ECC00B /* MMDrawerControllerDemoUITests */,
				EAAC1C5B1D2F58D000ECC00B /* Products */,
				9E271F80C57B8B1D7CD3286B /* Pods */,
				03C0343085A418EA667D595B /* Frameworks */,
			);
			sourceTree = "<group>";
		};
		EAAC1C5B1D2F58D000ECC00B /* Products */ = {
			isa = PBXGroup;
			children = (
				EAAC1C5A1D2F58D000ECC00B /* MMDrawerControllerDemo.app */,
				EAAC1C731D2F58D000ECC00B /* MMDrawerControllerDemoTests.xctest */,
				EAAC1C7E1D2F58D000ECC00B /* MMDrawerControllerDemoUITests.xctest */,
			);
			name = Products;
			sourceTree = "<group>";
		};
		EAAC1C5C1D2F58D000ECC00B /* MMDrawerControllerDemo */ = {
			isa = PBXGroup;
			children = (
				EAAC1C601D2F58D000ECC00B /* AppDelegate.h */,
				EAAC1C611D2F58D000ECC00B /* AppDelegate.m */,
				EAAC1C631D2F58D000ECC00B /* ViewController.h */,
				EAAC1C641D2F58D000ECC00B /* ViewController.m */,
				EA8D7C9A1D323A8E007E49C7 /* UserViewController.h */,
				EA8D7C9B1D323A8E007E49C7 /* UserViewController.m */,
				EAAC1C691D2F58D000ECC00B /* Assets.xcassets */,
				EAAC1C6B1D2F58D000ECC00B /* LaunchScreen.storyboard */,
				EAAC1C6E1D2F58D000ECC00B /* Info.plist */,
				EAAC1C5D1D2F58D000ECC00B /* Supporting Files */,
			);
			path = MMDrawerControllerDemo;
			sourceTree = "<group>";
		};
		EAAC1C5D1D2F58D000ECC00B /* Supporting Files */ = {
			isa = PBXGroup;
			children = (
				EAAC1C5E1D2F58D000ECC00B /* main.m */,
			);
			name = "Supporting Files";
			sourceTree = "<group>";
		};
		EAAC1C761D2F58D000ECC00B /* MMDrawerControllerDemoTests */ = {
			isa = PBXGroup;
			children = (
				EAAC1C771D2F58D000ECC00B /* MMDrawerControllerDemoTests.m */,
				EAAC1C791D2F58D000ECC00B /* Info.plist */,
			);
			path = MMDrawerControllerDemoTests;
			sourceTree = "<group>";
		};
		EAAC1C811D2F58D000ECC00B /* MMDrawerControllerDemoUITests */ = {
			isa = PBXGroup;
			children = (
				EAAC1C821D2F58D000ECC00B /* MMDrawerControllerDemoUITests.m */,
				EAAC1C841D2F58D000ECC00B /* Info.plist */,
			);
			path = MMDrawerControllerDemoUITests;
			sourceTree = "<group>";
		};
/* End PBXGroup section */

/* Begin PBXNativeTarget section */
		EAAC1C591D2F58D000ECC00B /* MMDrawerControllerDemo */ = {
			isa = PBXNativeTarget;
			buildConfigurationList = EAAC1C871D2F58D000ECC00B /* Build configuration list for PBXNativeTarget "MMDrawerControllerDemo" */;
			buildPhases = (
				627C4BFD77865D6D40B988EA /* Check Pods Manifest.lock */,
				EAAC1C561D2F58D000ECC00B /* Sources */,
				EAAC1C571D2F58D000ECC00B /* Frameworks */,
				EAAC1C581D2F58D000ECC00B /* Resources */,
				78789AF888C8B909760D975E /* Embed Pods Frameworks */,
				F7F704FE4269572F459CCF5F /* Copy Pods Resources */,
			);
			buildRules = (
			);
			dependencies = (
			);
			name = MMDrawerControllerDemo;
			productName = MMDrawerControllerDemo;
			productReference = EAAC1C5A1D2F58D000ECC00B /* MMDrawerControllerDemo.app */;
			productType = "com.apple.product-type.application";
		};
		EAAC1C721D2F58D000ECC00B /* MMDrawerControllerDemoTests */ = {
			isa = PBXNativeTarget;
			buildConfigurationList = EAAC1C8A1D2F58D000ECC00B /* Build configuration list for PBXNativeTarget "MMDrawerControllerDemoTests" */;
			buildPhases = (
				EAAC1C6F1D2F58D000ECC00B /* Sources */,
				EAAC1C701D2F58D000ECC00B /* Frameworks */,
				EAAC1C711D2F58D000ECC00B /* Resources */,
			);
			buildRules = (
			);
			dependencies = (
				EAAC1C751D2F58D000ECC00B /* PBXTargetDependency */,
			);
			name = MMDrawerControllerDemoTests;
			productName = MMDrawerControllerDemoTests;
			productReference = EAAC1C731D2F58D000ECC00B /* MMDrawerControllerDemoTests.xctest */;
			productType = "com.apple.product-type.bundle.unit-test";
		};
		EAAC1C7D1D2F58D000ECC00B /* MMDrawerControllerDemoUITests */ = {
			isa = PBXNativeTarget;
			buildConfigurationList = EAAC1C8D1D2F58D000ECC00B /* Build configuration list for PBXNativeTarget "MMDrawerControllerDemoUITests" */;
			buildPhases = (
				EAAC1C7A1D2F58D000ECC00B /* Sources */,
				EAAC1C7B1D2F58D000ECC00B /* Frameworks */,
				EAAC1C7C1D2F58D000ECC00B /* Resources */,
			);
			buildRules = (
			);
			dependencies = (
				EAAC1C801D2F58D000ECC00B /* PBXTargetDependency */,
			);
			name = MMDrawerControllerDemoUITests;
			productName = MMDrawerControllerDemoUITests;
			productReference = EAAC1C7E1D2F58D000ECC00B /* MMDrawerControllerDemoUITests.xctest */;
			productType = "com.apple.product-type.bundle.ui-testing";
		};
/* End PBXNativeTarget section */

/* Begin PBXProject section */
		EAAC1C521D2F58D000ECC00B /* Project object */ = {
			isa = PBXProject;
			attributes = {
				LastUpgradeCheck = 0730;
				ORGANIZATIONNAME = "Tony Zhang";
				TargetAttributes = {
					EAAC1C591D2F58D000ECC00B = {
						CreatedOnToolsVersion = 7.3.1;
						DevelopmentTeam = BR4AY2V83R;
					};
					EAAC1C721D2F58D000ECC00B = {
						CreatedOnToolsVersion = 7.3.1;
						DevelopmentTeam = BR4AY2V83R;
						TestTargetID = EAAC1C591D2F58D000ECC00B;
					};
					EAAC1C7D1D2F58D000ECC00B = {
						CreatedOnToolsVersion = 7.3.1;
						DevelopmentTeam = BR4AY2V83R;
						TestTargetID = EAAC1C591D2F58D000ECC00B;
					};
				};
			};
			buildConfigurationList = EAAC1C551D2F58D000ECC00B /* Build configuration list for PBXProject "MMDrawerControllerDemo" */;
			compatibilityVersion = "Xcode 3.2";
			developmentRegion = English;
			hasScannedForEncodings = 0;
			knownRegions = (
				en,
				Base,
			);
			mainGroup = EAAC1C511D2F58D000ECC00B;
			productRefGroup = EAAC1C5B1D2F58D000ECC00B /* Products */;
			projectDirPath = "";
			projectRoot = "";
			targets = (
				EAAC1C591D2F58D000ECC00B /* MMDrawerControllerDemo */,
				EAAC1C721D2F58D000ECC00B /* MMDrawerControllerDemoTests */,
				EAAC1C7D1D2F58D000ECC00B /* MMDrawerControllerDemoUITests */,
			);
		};
/* End PBXProject section */

/* Begin PBXResourcesBuildPhase section */
		EAAC1C581D2F58D000ECC00B /* Resources */ = {
			isa = PBXResourcesBuildPhase;
			buildActionMask = 2147483647;
			files = (
				EAAC1C6D1D2F58D000ECC00B /* LaunchScreen.storyboard in Resources */,
				EAAC1C6A1D2F58D000ECC00B /* Assets.xcassets in Resources */,
			);
			runOnlyForDeploymentPostprocessing = 0;
		};
		EAAC1C711D2F58D000ECC00B /* Resources */ = {
			isa = PBXResourcesBuildPhase;
			buildActionMask = 2147483647;
			files = (
			);
			runOnlyForDeploymentPostprocessing = 0;
		};
		EAAC1C7C1D2F58D000ECC00B /* Resources */ = {
			isa = PBXResourcesBuildPhase;
			buildActionMask = 2147483647;
			files = (
			);
			runOnlyForDeploymentPostprocessing = 0;
		};
/* End PBXResourcesBuildPhase section */

/* Begin PBXShellScriptBuildPhase section */
		627C4BFD77865D6D40B988EA /* Check Pods Manifest.lock */ = {
			isa = PBXShellScriptBuildPhase;
			buildActionMask = 2147483647;
			files = (
			);
			inputPaths = (
			);
			name = "Check Pods Manifest.lock";
			outputPaths = (
			);
			runOnlyForDeploymentPostprocessing = 0;
			shellPath = /bin/sh;
			shellScript = "diff \"${PODS_ROOT}/../Podfile.lock\" \"${PODS_ROOT}/Manifest.lock\" > /dev/null\nif [[ $? != 0 ]] ; then\n    cat << EOM\nerror: The sandbox is not in sync with the Podfile.lock. Run 'pod install' or update your CocoaPods installation.\nEOM\n    exit 1\nfi\n";
			showEnvVarsInLog = 0;
		};
		78789AF888C8B909760D975E /* Embed Pods Frameworks */ = {
			isa = PBXShellScriptBuildPhase;
			buildActionMask = 2147483647;
			files = (
			);
			inputPaths = (
			);
			name = "Embed Pods Frameworks";
			outputPaths = (
			);
			runOnlyForDeploymentPostprocessing = 0;
			shellPath = /bin/sh;
			shellScript = "\"${SRCROOT}/Pods/Target Support Files/Pods/Pods-frameworks.sh\"\n";
			showEnvVarsInLog = 0;
		};
		F7F704FE4269572F459CCF5F /* Copy Pods Resources */ = {
			isa = PBXShellScriptBuildPhase;
			buildActionMask = 2147483647;
			files = (
			);
			inputPaths = (
			);
			name = "Copy Pods Resources";
			outputPaths = (
			);
			runOnlyForDeploymentPostprocessing = 0;
			shellPath = /bin/sh;
			shellScript = "\"${SRCROOT}/Pods/Target Support Files/Pods/Pods-resources.sh\"\n";
			showEnvVarsInLog = 0;
		};
/* End PBXShellScriptBuildPhase section */

/* Begin PBXSourcesBuildPhase section */
		EAAC1C561D2F58D000ECC00B /* Sources */ = {
			isa = PBXSourcesBuildPhase;
			buildActionMask = 2147483647;
			files = (
				EAAC1C651D2F58D000ECC00B /* ViewController.m in Sources */,
				EA8D7C9C1D323A8E007E49C7 /* UserViewController.m in Sources */,
				EAAC1C621D2F58D000ECC00B /* AppDelegate.m in Sources */,
				EAAC1C5F1D2F58D000ECC00B /* main.m in Sources */,
			);
			runOnlyForDeploymentPostprocessing = 0;
		};
		EAAC1C6F1D2F58D000ECC00B /* Sources */ = {
			isa = PBXSourcesBuildPhase;
			buildActionMask = 2147483647;
			files = (
				EAAC1C781D2F58D000ECC00B /* MMDrawerControllerDemoTests.m in Sources */,
			);
			runOnlyForDeploymentPostprocessing = 0;
		};
		EAAC1C7A1D2F58D000ECC00B /* Sources */ = {
			isa = PBXSourcesBuildPhase;
			buildActionMask = 2147483647;
			files = (
				EAAC1C831D2F58D000ECC00B /* MMDrawerControllerDemoUITests.m in Sources */,
			);
			runOnlyForDeploymentPostprocessing = 0;
		};
/* End PBXSourcesBuildPhase section */

/* Begin PBXTargetDependency section */
		EAAC1C751D2F58D000ECC00B /* PBXTargetDependency */ = {
			isa = PBXTargetDependency;
			target = EAAC1C591D2F58D000ECC00B /* MMDrawerControllerDemo */;
			targetProxy = EAAC1C741D2F58D000ECC00B /* PBXContainerItemProxy */;
		};
		EAAC1C801D2F58D000ECC00B /* PBXTargetDependency */ = {
			isa = PBXTargetDependency;
			target = EAAC1C591D2F58D000ECC00B /* MMDrawerControllerDemo */;
			targetProxy = EAAC1C7F1D2F58D000ECC00B /* PBXContainerItemProxy */;
		};
/* End PBXTargetDependency section */

/* Begin PBXVariantGroup section */
		EAAC1C6B1D2F58D000ECC00B /* LaunchScreen.storyboard */ = {
			isa = PBXVariantGroup;
			children = (
				EAAC1C6C1D2F58D000ECC00B /* Base */,
			);
			name = LaunchScreen.storyboard;
			sourceTree = "<group>";
		};
/* End PBXVariantGroup section */

/* Begin XCBuildConfiguration section */
		EAAC1C851D2F58D000ECC00B /* Debug */ = {
			isa = XCBuildConfiguration;
			buildSettings = {
				ALWAYS_SEARCH_USER_PATHS = NO;
				CLANG_ANALYZER_NONNULL = YES;
				CLANG_CXX_LANGUAGE_STANDARD = "gnu++0x";
				CLANG_CXX_LIBRARY = "libc++";
				CLANG_ENABLE_MODULES = YES;
				CLANG_ENABLE_OBJC_ARC = YES;
				CLANG_WARN_BOOL_CONVERSION = YES;
				CLANG_WARN_CONSTANT_CONVERSION = YES;
				CLANG_WARN_DIRECT_OBJC_ISA_USAGE = YES_ERROR;
				CLANG_WARN_EMPTY_BODY = YES;
				CLANG_WARN_ENUM_CONVERSION = YES;
				CLANG_WARN_INT_CONVERSION = YES;
				CLANG_WARN_OBJC_ROOT_CLASS = YES_ERROR;
				CLANG_WARN_UNREACHABLE_CODE = YES;
				CLANG_WARN__DUPLICATE_METHOD_MATCH = YES;
				"CODE_SIGN_IDENTITY[sdk=iphoneos*]" = "iPhone Developer";
				COPY_PHASE_STRIP = NO;
				DEBUG_INFORMATION_FORMAT = dwarf;
				ENABLE_STRICT_OBJC_MSGSEND = YES;
				ENABLE_TESTABILITY = YES;
				GCC_C_LANGUAGE_STANDARD = gnu99;
				GCC_DYNAMIC_NO_PIC = NO;
				GCC_NO_COMMON_BLOCKS = YES;
				GCC_OPTIMIZATION_LEVEL = 0;
				GCC_PREPROCESSOR_DEFINITIONS = (
					"DEBUG=1",
					"$(inherited)",
				);
				GCC_WARN_64_TO_32_BIT_CONVERSION = YES;
				GCC_WARN_ABOUT_RETURN_TYPE = YES_ERROR;
				GCC_WARN_UNDECLARED_SELECTOR = YES;
				GCC_WARN_UNINITIALIZED_AUTOS = YES_AGGRESSIVE;
				GCC_WARN_UNUSED_FUNCTION = YES;
				GCC_WARN_UNUSED_VARIABLE = YES;
				IPHONEOS_DEPLOYMENT_TARGET = 9.3;
				MTL_ENABLE_DEBUG_INFO = YES;
				ONLY_ACTIVE_ARCH = YES;
				SDKROOT = iphoneos;
				TARGETED_DEVICE_FAMILY = "1,2";
			};
			name = Debug;
		};
		EAAC1C861D2F58D000ECC00B /* Release */ = {
			isa = XCBuildConfiguration;
			buildSettings = {
				ALWAYS_SEARCH_USER_PATHS = NO;
				CLANG_ANALYZER_NONNULL = YES;
				CLANG_CXX_LANGUAGE_STANDARD = "gnu++0x";
				CLANG_CXX_LIBRARY = "libc++";
				CLANG_ENABLE_MODULES = YES;
				CLANG_ENABLE_OBJC_ARC = YES;
				CLANG_WARN_BOOL_CONVERSION = YES;
				CLANG_WARN_CONSTANT_CONVERSION = YES;
				CLANG_WARN_DIRECT_OBJC_ISA_USAGE = YES_ERROR;
				CLANG_WARN_EMPTY_BODY = YES;
				CLANG_WARN_ENUM_CONVERSION = YES;
				CLANG_WARN_INT_CONVERSION = YES;
				CLANG_WARN_OBJC_ROOT_CLASS = YES_ERROR;
				CLANG_WARN_UNREACHABLE_CODE = YES;
				CLANG_WARN__DUPLICATE_METHOD_MATCH = YES;
				"CODE_SIGN_IDENTITY[sdk=iphoneos*]" = "iPhone Developer";
				COPY_PHASE_STRIP = NO;
				DEBUG_INFORMATION_FORMAT = "dwarf-with-dsym";
				ENABLE_NS_ASSERTIONS = NO;
				ENABLE_STRICT_OBJC_MSGSEND = YES;
				GCC_C_LANGUAGE_STANDARD = gnu99;
				GCC_NO_COMMON_BLOCKS = YES;
				GCC_WARN_64_TO_32_BIT_CONVERSION = YES;
				GCC_WARN_ABOUT_RETURN_TYPE = YES_ERROR;
				GCC_WARN_UNDECLARED_SELECTOR = YES;
				GCC_WARN_UNINITIALIZED_AUTOS = YES_AGGRESSIVE;
				GCC_WARN_UNUSED_FUNCTION = YES;
				GCC_WARN_UNUSED_VARIABLE = YES;
				IPHONEOS_DEPLOYMENT_TARGET = 9.3;
				MTL_ENABLE_DEBUG_INFO = NO;
				SDKROOT = iphoneos;
				TARGETED_DEVICE_FAMILY = "1,2";
				VALIDATE_PRODUCT = YES;
			};
			name = Release;
		};
		EAAC1C881D2F58D000ECC00B /* Debug */ = {
			isa = XCBuildConfiguration;
			baseConfigurationReference = FAD941399D591644F3D7860D /* Pods.debug.xcconfig */;
			buildSettings = {
				ASSETCATALOG_COMPILER_APPICON_NAME = AppIcon;
				CLANG_ENABLE_OBJC_WEAK = YES;
				INFOPLIST_FILE = MMDrawerControllerDemo/Info.plist;
				LD_RUNPATH_SEARCH_PATHS = "$(inherited) @executable_path/Frameworks";
				PRODUCT_BUNDLE_IDENTIFIER = PersonalDocuments.MMDrawerControllerDemo;
				PRODUCT_NAME = "$(TARGET_NAME)";
			};
			name = Debug;
		};
		EAAC1C891D2F58D000ECC00B /* Release */ = {
			isa = XCBuildConfiguration;
			baseConfigurationReference = 6BDCAAEF3A9294F838938BD9 /* Pods.release.xcconfig */;
			buildSettings = {
				ASSETCATALOG_COMPILER_APPICON_NAME = AppIcon;
				CLANG_ENABLE_OBJC_WEAK = YES;
				INFOPLIST_FILE = MMDrawerControllerDemo/Info.plist;
				LD_RUNPATH_SEARCH_PATHS = "$(inherited) @executable_path/Frameworks";
				PRODUCT_BUNDLE_IDENTIFIER = PersonalDocuments.MMDrawerControllerDemo;
				PRODUCT_NAME = "$(TARGET_NAME)";
			};
			name = Release;
		};
		EAAC1C8B1D2F58D000ECC00B /* Debug */ = {
			isa = XCBuildConfiguration;
			buildSettings = {
				BUNDLE_LOADER = "$(TEST_HOST)";
				INFOPLIST_FILE = MMDrawerControllerDemoTests/Info.plist;
				LD_RUNPATH_SEARCH_PATHS = "$(inherited) @executable_path/Frameworks @loader_path/Frameworks";
				PRODUCT_BUNDLE_IDENTIFIER = PersonalDocuments.MMDrawerControllerDemoTests;
				PRODUCT_NAME = "$(TARGET_NAME)";
				TEST_HOST = "$(BUILT_PRODUCTS_DIR)/MMDrawerControllerDemo.app/MMDrawerControllerDemo";
			};
			name = Debug;
		};
		EAAC1C8C1D2F58D000ECC00B /* Release */ = {
			isa = XCBuildConfiguration;
			buildSettings = {
				BUNDLE_LOADER = "$(TEST_HOST)";
				INFOPLIST_FILE = MMDrawerControllerDemoTests/Info.plist;
				LD_RUNPATH_SEARCH_PATHS = "$(inherited) @executable_path/Frameworks @loader_path/Frameworks";
				PRODUCT_BUNDLE_IDENTIFIER = PersonalDocuments.MMDrawerControllerDemoTests;
				PRODUCT_NAME = "$(TARGET_NAME)";
				TEST_HOST = "$(BUILT_PRODUCTS_DIR)/MMDrawerControllerDemo.app/MMDrawerControllerDemo";
			};
			name = Release;
		};
		EAAC1C8E1D2F58D000ECC00B /* Debug */ = {
			isa = XCBuildConfiguration;
			buildSettings = {
				INFOPLIST_FILE = MMDrawerControllerDemoUITests/Info.plist;
				LD_RUNPATH_SEARCH_PATHS = "$(inherited) @executable_path/Frameworks @loader_path/Frameworks";
				PRODUCT_BUNDLE_IDENTIFIER = PersonalDocuments.MMDrawerControllerDemoUITests;
				PRODUCT_NAME = "$(TARGET_NAME)";
				TEST_TARGET_NAME = MMDrawerControllerDemo;
			};
			name = Debug;
		};
		EAAC1C8F1D2F58D000ECC00B /* Release */ = {
			isa = XCBuildConfiguration;
			buildSettings = {
				INFOPLIST_FILE = MMDrawerControllerDemoUITests/Info.plist;
				LD_RUNPATH_SEARCH_PATHS = "$(inherited) @executable_path/Frameworks @loader_path/Frameworks";
				PRODUCT_BUNDLE_IDENTIFIER = PersonalDocuments.MMDrawerControllerDemoUITests;
				PRODUCT_NAME = "$(TARGET_NAME)";
				TEST_TARGET_NAME = MMDrawerControllerDemo;
			};
			name = Release;
		};
/* End XCBuildConfiguration section */

/* Begin XCConfigurationList section */
		EAAC1C551D2F58D000ECC00B /* Build configuration list for PBXProject "MMDrawerControllerDemo" */ = {
			isa = XCConfigurationList;
			buildConfigurations = (
				EAAC1C851D2F58D000ECC00B /* Debug */,
				EAAC1C861D2F58D000ECC00B /* Release */,
			);
			defaultConfigurationIsVisible = 0;
			defaultConfigurationName = Release;
		};
		EAAC1C871D2F58D000ECC00B /* Build configuration list for PBXNativeTarget "MMDrawerControllerDemo" */ = {
			isa = XCConfigurationList;
			buildConfigurations = (
				EAAC1C881D2F58D000ECC00B /* Debug */,
				EAAC1C891D2F58D000ECC00B /* Release */,
			);
			defaultConfigurationIsVisible = 0;
			defaultConfigurationName = Release;
		};
		EAAC1C8A1D2F58D000ECC00B /* Build configuration list for PBXNativeTarget "MMDrawerControllerDemoTests" */ = {
			isa = XCConfigurationList;
			buildConfigurations = (
				EAAC1C8B1D2F58D000ECC00B /* Debug */,
				EAAC1C8C1D2F58D000ECC00B /* Release */,
			);
			defaultConfigurationIsVisible = 0;
			defaultConfigurationName = Release;
		};
		EAAC1C8D1D2F58D000ECC00B /* Build configuration list for PBXNativeTarget "MMDrawerControllerDemoUITests" */ = {
			isa = XCConfigurationList;
			buildConfigurations = (
				EAAC1C8E1D2F58D000ECC00B /* Debug */,
				EAAC1C8F1D2F58D000ECC00B /* Release */,
			);
			defaultConfigurationIsVisible = 0;
			defaultConfigurationName = Release;
		};
/* End XCConfigurationList section */
	};
	rootObject = EAAC1C521D2F58D000ECC00B /* Project object */;
}
